
Microsoft Visual Studio Solution File, Format Version 12.00
# Visual Studio 14
VisualStudioVersion = 14.0.25123.0
MinimumVisualStudioVersion = 10.0.40219.1
Project("{8BC9CEB8-8B4A-11D0-8D11-00A0C91BC942}") = "Toast-Module_toast_moduleDll", "Toast-Module\Toast-Module_toast_moduleDll.vcxproj", "{88A347F8-818F-3526-8EDA-014A5BE80A9B}"
EndProject
Project("{8BC9CEB8-8B4A-11D0-8D11-00A0C91BC942}") = "Providers_simulation_toast_hardware_providerDll", "Providers\simulation\Providers_simulation_toast_hardware_providerDll.vcxproj", "{61D87ED6-36C6-34E4-999C-EF2E3755C01E}"
EndProject
Project("{8BC9CEB8-8B4A-11D0-8D11-00A0C91BC942}") = "Providers_wpilib_toast_hardware_providerDll", "Providers\wpilib\Providers_wpilib_toast_hardware_providerDll.vcxproj", "{EFF801DA-E71F-3CBD-A6BB-E73EADB5AAAB}"
EndProject
Project("{8BC9CEB8-8B4A-11D0-8D11-00A0C91BC942}") = "Toast-Bootstrap_toast_bootstrapDll", "Toast-Bootstrap\Toast-Bootstrap_toast_bootstrapDll.vcxproj", "{BDD5AF7F-E80D-3E06-9B84-E2EAF75278AC}"
EndProject
Project("{8BC9CEB8-8B4A-11D0-8D11-00A0C91BC942}") = "Toast-Core_toast_coreDll", "Toast-Core\Toast-Core_toast_coreDll.vcxproj", "{422BAF63-ABBE-3417-916C-D4D2D2C4DBAE}"
EndProject
Project("{8BC9CEB8-8B4A-11D0-8D11-00A0C91BC942}") = "ToastCPP", "ToastCPP.vcxproj", "{556A2F4C-3A49-4DEA-9764-A2908E98D102}"
EndProject
Project("{8BC9CEB8-8B4A-11D0-8D11-00A0C91BC942}") = "_test_module_test_moduleDll", "_test_module\_test_module_test_moduleDll.vcxproj", "{BDC7F10B-4C8A-31F7-AE46-110AB52D7A49}"
EndProject
Project("{8BC9CEB8-8B4A-11D0-8D11-00A0C91BC942}") = "wpi_wpilib_wpilibLib", "wpi\wpilib\wpi_wpilib_wpilibLib.vcxproj", "{CB48B01A-2190-3C9E-BA88-DD700190604C}"
EndProject
Project("{8BC9CEB8-8B4A-11D0-8D11-00A0C91BC942}") = "Providers_remote_provider_remoteDll", "Providers\remote\Providers_remote_provider_remoteDll.vcxproj", "{43E0D35A-EA20-3160-B45D-CFBA1D0898B7}"
EndProject
Global
	GlobalSection(SolutionConfigurationPlatforms) = preSolution
		debug|ARM = debug|ARM
		debug|Native = debug|Native
		debug|x86 = debug|x86
		Release|ARM = Release|ARM
		Release|Native = Release|Native
		Release|x86 = Release|x86
		x64|ARM = x64|ARM
		x64|Native = x64|Native
		x64|x86 = x64|x86
		x86|ARM = x86|ARM
		x86|Native = x86|Native
		x86|x86 = x86|x86
	EndGlobalSection
	GlobalSection(ProjectConfigurationPlatforms) = postSolution
		{88A347F8-818F-3526-8EDA-014A5BE80A9B}.debug|ARM.ActiveCfg = debug|Win32
		{88A347F8-818F-3526-8EDA-014A5BE80A9B}.debug|Native.ActiveCfg = debug|Win32
		{88A347F8-818F-3526-8EDA-014A5BE80A9B}.debug|x86.ActiveCfg = debug|Win32
		{88A347F8-818F-3526-8EDA-014A5BE80A9B}.debug|x86.Build.0 = debug|Win32
		{88A347F8-818F-3526-8EDA-014A5BE80A9B}.Release|ARM.ActiveCfg = debug|Win32
		{88A347F8-818F-3526-8EDA-014A5BE80A9B}.Release|ARM.Build.0 = debug|Win32
		{88A347F8-818F-3526-8EDA-014A5BE80A9B}.Release|Native.ActiveCfg = debug|Win32
		{88A347F8-818F-3526-8EDA-014A5BE80A9B}.Release|Native.Build.0 = debug|Win32
		{88A347F8-818F-3526-8EDA-014A5BE80A9B}.Release|x86.ActiveCfg = debug|Win32
		{88A347F8-818F-3526-8EDA-014A5BE80A9B}.Release|x86.Build.0 = debug|Win32
		{88A347F8-818F-3526-8EDA-014A5BE80A9B}.x64|ARM.ActiveCfg = debug|Win32
		{88A347F8-818F-3526-8EDA-014A5BE80A9B}.x64|ARM.Build.0 = debug|Win32
		{88A347F8-818F-3526-8EDA-014A5BE80A9B}.x64|Native.ActiveCfg = debug|Win32
		{88A347F8-818F-3526-8EDA-014A5BE80A9B}.x64|Native.Build.0 = debug|Win32
		{88A347F8-818F-3526-8EDA-014A5BE80A9B}.x64|x86.ActiveCfg = debug|Win32
		{88A347F8-818F-3526-8EDA-014A5BE80A9B}.x64|x86.Build.0 = debug|Win32
		{88A347F8-818F-3526-8EDA-014A5BE80A9B}.x86|ARM.ActiveCfg = debug|Win32
		{88A347F8-818F-3526-8EDA-014A5BE80A9B}.x86|ARM.Build.0 = debug|Win32
		{88A347F8-818F-3526-8EDA-014A5BE80A9B}.x86|Native.ActiveCfg = debug|Win32
		{88A347F8-818F-3526-8EDA-014A5BE80A9B}.x86|Native.Build.0 = debug|Win32
		{88A347F8-818F-3526-8EDA-014A5BE80A9B}.x86|x86.ActiveCfg = debug|Win32
		{88A347F8-818F-3526-8EDA-014A5BE80A9B}.x86|x86.Build.0 = debug|Win32
		{61D87ED6-36C6-34E4-999C-EF2E3755C01E}.debug|ARM.ActiveCfg = debug|Win32
		{61D87ED6-36C6-34E4-999C-EF2E3755C01E}.debug|Native.ActiveCfg = debug|Win32
		{61D87ED6-36C6-34E4-999C-EF2E3755C01E}.debug|x86.ActiveCfg = debug|Win32
		{61D87ED6-36C6-34E4-999C-EF2E3755C01E}.debug|x86.Build.0 = debug|Win32
		{61D87ED6-36C6-34E4-999C-EF2E3755C01E}.Release|ARM.ActiveCfg = debug|Win32
		{61D87ED6-36C6-34E4-999C-EF2E3755C01E}.Release|ARM.Build.0 = debug|Win32
		{61D87ED6-36C6-34E4-999C-EF2E3755C01E}.Release|Native.ActiveCfg = debug|Win32
		{61D87ED6-36C6-34E4-999C-EF2E3755C01E}.Release|Native.Build.0 = debug|Win32
		{61D87ED6-36C6-34E4-999C-EF2E3755C01E}.Release|x86.ActiveCfg = debug|Win32
		{61D87ED6-36C6-34E4-999C-EF2E3755C01E}.Release|x86.Build.0 = debug|Win32
		{61D87ED6-36C6-34E4-999C-EF2E3755C01E}.x64|ARM.ActiveCfg = debug|Win32
		{61D87ED6-36C6-34E4-999C-EF2E3755C01E}.x64|ARM.Build.0 = debug|Win32
		{61D87ED6-36C6-34E4-999C-EF2E3755C01E}.x64|Native.ActiveCfg = debug|Win32
		{61D87ED6-36C6-34E4-999C-EF2E3755C01E}.x64|Native.Build.0 = debug|Win32
		{61D87ED6-36C6-34E4-999C-EF2E3755C01E}.x64|x86.ActiveCfg = debug|Win32
		{61D87ED6-36C6-34E4-999C-EF2E3755C01E}.x64|x86.Build.0 = debug|Win32
		{61D87ED6-36C6-34E4-999C-EF2E3755C01E}.x86|ARM.ActiveCfg = debug|Win32
		{61D87ED6-36C6-34E4-999C-EF2E3755C01E}.x86|ARM.Build.0 = debug|Win32
		{61D87ED6-36C6-34E4-999C-EF2E3755C01E}.x86|Native.ActiveCfg = debug|Win32
		{61D87ED6-36C6-34E4-999C-EF2E3755C01E}.x86|Native.Build.0 = debug|Win32
		{61D87ED6-36C6-34E4-999C-EF2E3755C01E}.x86|x86.ActiveCfg = debug|Win32
		{61D87ED6-36C6-34E4-999C-EF2E3755C01E}.x86|x86.Build.0 = debug|Win32
		{EFF801DA-E71F-3CBD-A6BB-E73EADB5AAAB}.debug|ARM.ActiveCfg = debug|Win32
		{EFF801DA-E71F-3CBD-A6BB-E73EADB5AAAB}.debug|Native.ActiveCfg = debug|Win32
		{EFF801DA-E71F-3CBD-A6BB-E73EADB5AAAB}.debug|Native.Build.0 = debug|Win32
		{EFF801DA-E71F-3CBD-A6BB-E73EADB5AAAB}.debug|x86.ActiveCfg = debug|Win32
		{EFF801DA-E71F-3CBD-A6BB-E73EADB5AAAB}.debug|x86.Build.0 = debug|Win32
		{EFF801DA-E71F-3CBD-A6BB-E73EADB5AAAB}.Release|ARM.ActiveCfg = debug|Win32
		{EFF801DA-E71F-3CBD-A6BB-E73EADB5AAAB}.Release|ARM.Build.0 = debug|Win32
		{EFF801DA-E71F-3CBD-A6BB-E73EADB5AAAB}.Release|Native.ActiveCfg = debug|Win32
		{EFF801DA-E71F-3CBD-A6BB-E73EADB5AAAB}.Release|Native.Build.0 = debug|Win32
		{EFF801DA-E71F-3CBD-A6BB-E73EADB5AAAB}.Release|x86.ActiveCfg = debug|Win32
		{EFF801DA-E71F-3CBD-A6BB-E73EADB5AAAB}.Release|x86.Build.0 = debug|Win32
		{EFF801DA-E71F-3CBD-A6BB-E73EADB5AAAB}.x64|ARM.ActiveCfg = debug|Win32
		{EFF801DA-E71F-3CBD-A6BB-E73EADB5AAAB}.x64|ARM.Build.0 = debug|Win32
		{EFF801DA-E71F-3CBD-A6BB-E73EADB5AAAB}.x64|Native.ActiveCfg = debug|Win32
		{EFF801DA-E71F-3CBD-A6BB-E73EADB5AAAB}.x64|Native.Build.0 = debug|Win32
		{EFF801DA-E71F-3CBD-A6BB-E73EADB5AAAB}.x64|x86.ActiveCfg = debug|Win32
		{EFF801DA-E71F-3CBD-A6BB-E73EADB5AAAB}.x64|x86.Build.0 = debug|Win32
		{EFF801DA-E71F-3CBD-A6BB-E73EADB5AAAB}.x86|ARM.ActiveCfg = debug|Win32
		{EFF801DA-E71F-3CBD-A6BB-E73EADB5AAAB}.x86|ARM.Build.0 = debug|Win32
		{EFF801DA-E71F-3CBD-A6BB-E73EADB5AAAB}.x86|Native.ActiveCfg = debug|Win32
		{EFF801DA-E71F-3CBD-A6BB-E73EADB5AAAB}.x86|Native.Build.0 = debug|Win32
		{EFF801DA-E71F-3CBD-A6BB-E73EADB5AAAB}.x86|x86.ActiveCfg = debug|Win32
		{EFF801DA-E71F-3CBD-A6BB-E73EADB5AAAB}.x86|x86.Build.0 = debug|Win32
		{BDD5AF7F-E80D-3E06-9B84-E2EAF75278AC}.debug|ARM.ActiveCfg = debug|Win32
		{BDD5AF7F-E80D-3E06-9B84-E2EAF75278AC}.debug|Native.ActiveCfg = debug|Win32
		{BDD5AF7F-E80D-3E06-9B84-E2EAF75278AC}.debug|x86.ActiveCfg = debug|Win32
		{BDD5AF7F-E80D-3E06-9B84-E2EAF75278AC}.debug|x86.Build.0 = debug|Win32
		{BDD5AF7F-E80D-3E06-9B84-E2EAF75278AC}.Release|ARM.ActiveCfg = debug|Win32
		{BDD5AF7F-E80D-3E06-9B84-E2EAF75278AC}.Release|ARM.Build.0 = debug|Win32
		{BDD5AF7F-E80D-3E06-9B84-E2EAF75278AC}.Release|Native.ActiveCfg = debug|Win32
		{BDD5AF7F-E80D-3E06-9B84-E2EAF75278AC}.Release|Native.Build.0 = debug|Win32
		{BDD5AF7F-E80D-3E06-9B84-E2EAF75278AC}.Release|x86.ActiveCfg = debug|Win32
		{BDD5AF7F-E80D-3E06-9B84-E2EAF75278AC}.Release|x86.Build.0 = debug|Win32
		{BDD5AF7F-E80D-3E06-9B84-E2EAF75278AC}.x64|ARM.ActiveCfg = debug|Win32
		{BDD5AF7F-E80D-3E06-9B84-E2EAF75278AC}.x64|ARM.Build.0 = debug|Win32
		{BDD5AF7F-E80D-3E06-9B84-E2EAF75278AC}.x64|Native.ActiveCfg = debug|Win32
		{BDD5AF7F-E80D-3E06-9B84-E2EAF75278AC}.x64|Native.Build.0 = debug|Win32
		{BDD5AF7F-E80D-3E06-9B84-E2EAF75278AC}.x64|x86.ActiveCfg = debug|Win32
		{BDD5AF7F-E80D-3E06-9B84-E2EAF75278AC}.x64|x86.Build.0 = debug|Win32
		{BDD5AF7F-E80D-3E06-9B84-E2EAF75278AC}.x86|ARM.ActiveCfg = debug|Win32
		{BDD5AF7F-E80D-3E06-9B84-E2EAF75278AC}.x86|ARM.Build.0 = debug|Win32
		{BDD5AF7F-E80D-3E06-9B84-E2EAF75278AC}.x86|Native.ActiveCfg = debug|Win32
		{BDD5AF7F-E80D-3E06-9B84-E2EAF75278AC}.x86|Native.Build.0 = debug|Win32
		{BDD5AF7F-E80D-3E06-9B84-E2EAF75278AC}.x86|x86.ActiveCfg = debug|Win32
		{BDD5AF7F-E80D-3E06-9B84-E2EAF75278AC}.x86|x86.Build.0 = debug|Win32
		{422BAF63-ABBE-3417-916C-D4D2D2C4DBAE}.debug|ARM.ActiveCfg = debug|Win32
		{422BAF63-ABBE-3417-916C-D4D2D2C4DBAE}.debug|Native.ActiveCfg = debug|Win32
		{422BAF63-ABBE-3417-916C-D4D2D2C4DBAE}.debug|x86.ActiveCfg = debug|Win32
		{422BAF63-ABBE-3417-916C-D4D2D2C4DBAE}.debug|x86.Build.0 = debug|Win32
		{422BAF63-ABBE-3417-916C-D4D2D2C4DBAE}.Release|ARM.ActiveCfg = debug|Win32
		{422BAF63-ABBE-3417-916C-D4D2D2C4DBAE}.Release|ARM.Build.0 = debug|Win32
		{422BAF63-ABBE-3417-916C-D4D2D2C4DBAE}.Release|Native.ActiveCfg = debug|Win32
		{422BAF63-ABBE-3417-916C-D4D2D2C4DBAE}.Release|Native.Build.0 = debug|Win32
		{422BAF63-ABBE-3417-916C-D4D2D2C4DBAE}.Release|x86.ActiveCfg = debug|Win32
		{422BAF63-ABBE-3417-916C-D4D2D2C4DBAE}.Release|x86.Build.0 = debug|Win32
		{422BAF63-ABBE-3417-916C-D4D2D2C4DBAE}.x64|ARM.ActiveCfg = debug|Win32
		{422BAF63-ABBE-3417-916C-D4D2D2C4DBAE}.x64|ARM.Build.0 = debug|Win32
		{422BAF63-ABBE-3417-916C-D4D2D2C4DBAE}.x64|Native.ActiveCfg = debug|Win32
		{422BAF63-ABBE-3417-916C-D4D2D2C4DBAE}.x64|Native.Build.0 = debug|Win32
		{422BAF63-ABBE-3417-916C-D4D2D2C4DBAE}.x64|x86.ActiveCfg = debug|Win32
		{422BAF63-ABBE-3417-916C-D4D2D2C4DBAE}.x64|x86.Build.0 = debug|Win32
		{422BAF63-ABBE-3417-916C-D4D2D2C4DBAE}.x86|ARM.ActiveCfg = debug|Win32
		{422BAF63-ABBE-3417-916C-D4D2D2C4DBAE}.x86|ARM.Build.0 = debug|Win32
		{422BAF63-ABBE-3417-916C-D4D2D2C4DBAE}.x86|Native.ActiveCfg = debug|Win32
		{422BAF63-ABBE-3417-916C-D4D2D2C4DBAE}.x86|Native.Build.0 = debug|Win32
		{422BAF63-ABBE-3417-916C-D4D2D2C4DBAE}.x86|x86.ActiveCfg = debug|Win32
		{422BAF63-ABBE-3417-916C-D4D2D2C4DBAE}.x86|x86.Build.0 = debug|Win32
		{556A2F4C-3A49-4DEA-9764-A2908E98D102}.debug|ARM.ActiveCfg = Debug|ARM
		{556A2F4C-3A49-4DEA-9764-A2908E98D102}.debug|ARM.Build.0 = Debug|ARM
		{556A2F4C-3A49-4DEA-9764-A2908E98D102}.debug|Native.ActiveCfg = Debug|Win32
		{556A2F4C-3A49-4DEA-9764-A2908E98D102}.debug|Native.Build.0 = Debug|Win32
		{556A2F4C-3A49-4DEA-9764-A2908E98D102}.debug|x86.ActiveCfg = Debug|Win32
		{556A2F4C-3A49-4DEA-9764-A2908E98D102}.debug|x86.Build.0 = Debug|Win32
		{556A2F4C-3A49-4DEA-9764-A2908E98D102}.Release|ARM.ActiveCfg = Release|ARM
		{556A2F4C-3A49-4DEA-9764-A2908E98D102}.Release|ARM.Build.0 = Release|ARM
		{556A2F4C-3A49-4DEA-9764-A2908E98D102}.Release|Native.ActiveCfg = Release|Win32
		{556A2F4C-3A49-4DEA-9764-A2908E98D102}.Release|Native.Build.0 = Release|Win32
		{556A2F4C-3A49-4DEA-9764-A2908E98D102}.Release|x86.ActiveCfg = Release|Win32
		{556A2F4C-3A49-4DEA-9764-A2908E98D102}.Release|x86.Build.0 = Release|Win32
		{556A2F4C-3A49-4DEA-9764-A2908E98D102}.x64|ARM.ActiveCfg = Release|ARM
		{556A2F4C-3A49-4DEA-9764-A2908E98D102}.x64|ARM.Build.0 = Release|ARM
		{556A2F4C-3A49-4DEA-9764-A2908E98D102}.x64|Native.ActiveCfg = Release|ARM
		{556A2F4C-3A49-4DEA-9764-A2908E98D102}.x64|Native.Build.0 = Release|ARM
		{556A2F4C-3A49-4DEA-9764-A2908E98D102}.x64|x86.ActiveCfg = Release|Win32
		{556A2F4C-3A49-4DEA-9764-A2908E98D102}.x64|x86.Build.0 = Release|Win32
		{556A2F4C-3A49-4DEA-9764-A2908E98D102}.x86|ARM.ActiveCfg = Release|ARM
		{556A2F4C-3A49-4DEA-9764-A2908E98D102}.x86|ARM.Build.0 = Release|ARM
		{556A2F4C-3A49-4DEA-9764-A2908E98D102}.x86|Native.ActiveCfg = Release|Win32
		{556A2F4C-3A49-4DEA-9764-A2908E98D102}.x86|Native.Build.0 = Release|Win32
		{556A2F4C-3A49-4DEA-9764-A2908E98D102}.x86|x86.ActiveCfg = Release|Win32
		{556A2F4C-3A49-4DEA-9764-A2908E98D102}.x86|x86.Build.0 = Release|Win32
		{BDC7F10B-4C8A-31F7-AE46-110AB52D7A49}.debug|ARM.ActiveCfg = debug|Win32
		{BDC7F10B-4C8A-31F7-AE46-110AB52D7A49}.debug|Native.ActiveCfg = debug|Win32
		{BDC7F10B-4C8A-31F7-AE46-110AB52D7A49}.debug|x86.ActiveCfg = debug|Win32
		{BDC7F10B-4C8A-31F7-AE46-110AB52D7A49}.debug|x86.Build.0 = debug|Win32
		{BDC7F10B-4C8A-31F7-AE46-110AB52D7A49}.Release|ARM.ActiveCfg = debug|Win32
		{BDC7F10B-4C8A-31F7-AE46-110AB52D7A49}.Release|ARM.Build.0 = debug|Win32
		{BDC7F10B-4C8A-31F7-AE46-110AB52D7A49}.Release|Native.ActiveCfg = debug|Win32
		{BDC7F10B-4C8A-31F7-AE46-110AB52D7A49}.Release|Native.Build.0 = debug|Win32
		{BDC7F10B-4C8A-31F7-AE46-110AB52D7A49}.Release|x86.ActiveCfg = debug|Win32
		{BDC7F10B-4C8A-31F7-AE46-110AB52D7A49}.Release|x86.Build.0 = debug|Win32
		{BDC7F10B-4C8A-31F7-AE46-110AB52D7A49}.x64|ARM.ActiveCfg = debug|Win32
		{BDC7F10B-4C8A-31F7-AE46-110AB52D7A49}.x64|ARM.Build.0 = debug|Win32
		{BDC7F10B-4C8A-31F7-AE46-110AB52D7A49}.x64|Native.ActiveCfg = debug|Win32
		{BDC7F10B-4C8A-31F7-AE46-110AB52D7A49}.x64|Native.Build.0 = debug|Win32
		{BDC7F10B-4C8A-31F7-AE46-110AB52D7A49}.x64|x86.ActiveCfg = debug|Win32
		{BDC7F10B-4C8A-31F7-AE46-110AB52D7A49}.x64|x86.Build.0 = debug|Win32
		{BDC7F10B-4C8A-31F7-AE46-110AB52D7A49}.x86|ARM.ActiveCfg = debug|Win32
		{BDC7F10B-4C8A-31F7-AE46-110AB52D7A49}.x86|ARM.Build.0 = debug|Win32
		{BDC7F10B-4C8A-31F7-AE46-110AB52D7A49}.x86|Native.ActiveCfg = debug|Win32
		{BDC7F10B-4C8A-31F7-AE46-110AB52D7A49}.x86|Native.Build.0 = debug|Win32
		{BDC7F10B-4C8A-31F7-AE46-110AB52D7A49}.x86|x86.ActiveCfg = debug|Win32
		{BDC7F10B-4C8A-31F7-AE46-110AB52D7A49}.x86|x86.Build.0 = debug|Win32
		{CB48B01A-2190-3C9E-BA88-DD700190604C}.debug|ARM.ActiveCfg = debug|Win32
		{CB48B01A-2190-3C9E-BA88-DD700190604C}.debug|Native.ActiveCfg = debug|Win32
		{CB48B01A-2190-3C9E-BA88-DD700190604C}.debug|x86.ActiveCfg = debug|Win32
		{CB48B01A-2190-3C9E-BA88-DD700190604C}.debug|x86.Build.0 = debug|Win32
		{CB48B01A-2190-3C9E-BA88-DD700190604C}.Release|ARM.ActiveCfg = debug|Win32
		{CB48B01A-2190-3C9E-BA88-DD700190604C}.Release|ARM.Build.0 = debug|Win32
		{CB48B01A-2190-3C9E-BA88-DD700190604C}.Release|Native.ActiveCfg = debug|Win32
		{CB48B01A-2190-3C9E-BA88-DD700190604C}.Release|Native.Build.0 = debug|Win32
		{CB48B01A-2190-3C9E-BA88-DD700190604C}.Release|x86.ActiveCfg = debug|Win32
		{CB48B01A-2190-3C9E-BA88-DD700190604C}.Release|x86.Build.0 = debug|Win32
		{CB48B01A-2190-3C9E-BA88-DD700190604C}.x64|ARM.ActiveCfg = debug|Win32
		{CB48B01A-2190-3C9E-BA88-DD700190604C}.x64|ARM.Build.0 = debug|Win32
		{CB48B01A-2190-3C9E-BA88-DD700190604C}.x64|Native.ActiveCfg = debug|Win32
		{CB48B01A-2190-3C9E-BA88-DD700190604C}.x64|Native.Build.0 = debug|Win32
		{CB48B01A-2190-3C9E-BA88-DD700190604C}.x64|x86.ActiveCfg = debug|Win32
		{CB48B01A-2190-3C9E-BA88-DD700190604C}.x64|x86.Build.0 = debug|Win32
		{CB48B01A-2190-3C9E-BA88-DD700190604C}.x86|ARM.ActiveCfg = debug|Win32
		{CB48B01A-2190-3C9E-BA88-DD700190604C}.x86|ARM.Build.0 = debug|Win32
		{CB48B01A-2190-3C9E-BA88-DD700190604C}.x86|Native.ActiveCfg = debug|Win32
		{CB48B01A-2190-3C9E-BA88-DD700190604C}.x86|Native.Build.0 = debug|Win32
		{CB48B01A-2190-3C9E-BA88-DD700190604C}.x86|x86.ActiveCfg = debug|Win32
		{CB48B01A-2190-3C9E-BA88-DD700190604C}.x86|x86.Build.0 = debug|Win32
		{43E0D35A-EA20-3160-B45D-CFBA1D0898B7}.debug|ARM.ActiveCfg = debug|Win32
		{43E0D35A-EA20-3160-B45D-CFBA1D0898B7}.debug|Native.ActiveCfg = debug|Win32
		{43E0D35A-EA20-3160-B45D-CFBA1D0898B7}.debug|x86.ActiveCfg = debug|Win32
		{43E0D35A-EA20-3160-B45D-CFBA1D0898B7}.debug|x86.Build.0 = debug|Win32
		{43E0D35A-EA20-3160-B45D-CFBA1D0898B7}.Release|ARM.ActiveCfg = debug|Win32
		{43E0D35A-EA20-3160-B45D-CFBA1D0898B7}.Release|ARM.Build.0 = debug|Win32
		{43E0D35A-EA20-3160-B45D-CFBA1D0898B7}.Release|Native.ActiveCfg = debug|Win32
		{43E0D35A-EA20-3160-B45D-CFBA1D0898B7}.Release|Native.Build.0 = debug|Win32
		{43E0D35A-EA20-3160-B45D-CFBA1D0898B7}.Release|x86.ActiveCfg = debug|Win32
		{43E0D35A-EA20-3160-B45D-CFBA1D0898B7}.Release|x86.Build.0 = debug|Win32
		{43E0D35A-EA20-3160-B45D-CFBA1D0898B7}.x64|ARM.ActiveCfg = debug|Win32
		{43E0D35A-EA20-3160-B45D-CFBA1D0898B7}.x64|ARM.Build.0 = debug|Win32
		{43E0D35A-EA20-3160-B45D-CFBA1D0898B7}.x64|Native.ActiveCfg = debug|Win32
		{43E0D35A-EA20-3160-B45D-CFBA1D0898B7}.x64|Native.Build.0 = debug|Win32
		{43E0D35A-EA20-3160-B45D-CFBA1D0898B7}.x64|x86.ActiveCfg = debug|Win32
		{43E0D35A-EA20-3160-B45D-CFBA1D0898B7}.x64|x86.Build.0 = debug|Win32
		{43E0D35A-EA20-3160-B45D-CFBA1D0898B7}.x86|ARM.ActiveCfg = debug|Win32
		{43E0D35A-EA20-3160-B45D-CFBA1D0898B7}.x86|ARM.Build.0 = debug|Win32
		{43E0D35A-EA20-3160-B45D-CFBA1D0898B7}.x86|Native.ActiveCfg = debug|Win32
		{43E0D35A-EA20-3160-B45D-CFBA1D0898B7}.x86|Native.Build.0 = debug|Win32
		{43E0D35A-EA20-3160-B45D-CFBA1D0898B7}.x86|x86.ActiveCfg = debug|Win32
		{43E0D35A-EA20-3160-B45D-CFBA1D0898B7}.x86|x86.Build.0 = debug|Win32
	EndGlobalSection
	GlobalSection(SolutionProperties) = preSolution
		HideSolutionNode = FALSE
	EndGlobalSection
EndGlobal
