
Microsoft Visual Studio Solution File, Format Version 12.00
# Visual Studio 14
VisualStudioVersion = 14.0.25123.0
MinimumVisualStudioVersion = 10.0.40219.1
Project("{8BC9CEB8-8B4A-11D0-8D11-00A0C91BC942}") = "Toast-Module_toast_moduleDll", "Toast-Module\Toast-Module_toast_moduleDll.vcxproj", "{88A347F8-818F-3526-8EDA-014A5BE80A9B}"
EndProject
Project("{8BC9CEB8-8B4A-11D0-8D11-00A0C91BC942}") = "Providers_simulation_toast_hardware_providerDll", "Providers\simulation\Providers_simulation_toast_hardware_providerDll.vcxproj", "{61D87ED6-36C6-34E4-999C-EF2E3755C01E}"
EndProject
Project("{8BC9CEB8-8B4A-11D0-8D11-00A0C91BC942}") = "Providers_wpilib_toast_hardware_providerDll", "Providers\wpilib\Providers_wpilib_toast_hardware_providerDll.vcxproj", "{EFF801DA-E71F-3CBD-A6BB-E73EADB5AAAB}"
EndProject
Project("{8BC9CEB8-8B4A-11D0-8D11-00A0C91BC942}") = "Toast-Bootstrap_toast_bootstrapDll", "Toast-Bootstrap\Toast-Bootstrap_toast_bootstrapDll.vcxproj", "{BDD5AF7F-E80D-3E06-9B84-E2EAF75278AC}"
EndProject
Project("{8BC9CEB8-8B4A-11D0-8D11-00A0C91BC942}") = "Toast-Core_toast_coreDll", "Toast-Core\Toast-Core_toast_coreDll.vcxproj", "{422BAF63-ABBE-3417-916C-D4D2D2C4DBAE}"
EndProject
Project("{8BC9CEB8-8B4A-11D0-8D11-00A0C91BC942}") = "ToastCPP", "ToastCPP.vcxproj", "{556A2F4C-3A49-4DEA-9764-A2908E98D102}"
EndProject
Global
	GlobalSection(SolutionConfigurationPlatforms) = preSolution
		debug|x64 = debug|x64
		debug|x86 = debug|x86
		Release|x64 = Release|x64
		Release|x86 = Release|x86
		x64|x64 = x64|x64
		x64|x86 = x64|x86
		x86|x64 = x86|x64
		x86|x86 = x86|x86
	EndGlobalSection
	GlobalSection(ProjectConfigurationPlatforms) = postSolution
		{88A347F8-818F-3526-8EDA-014A5BE80A9B}.debug|x64.ActiveCfg = x86|Win32
		{88A347F8-818F-3526-8EDA-014A5BE80A9B}.debug|x64.Build.0 = x86|Win32
		{88A347F8-818F-3526-8EDA-014A5BE80A9B}.debug|x86.ActiveCfg = x64|Win32
		{88A347F8-818F-3526-8EDA-014A5BE80A9B}.debug|x86.Build.0 = x64|Win32
		{88A347F8-818F-3526-8EDA-014A5BE80A9B}.Release|x64.ActiveCfg = x86|Win32
		{88A347F8-818F-3526-8EDA-014A5BE80A9B}.Release|x64.Build.0 = x86|Win32
		{88A347F8-818F-3526-8EDA-014A5BE80A9B}.Release|x86.ActiveCfg = x86|Win32
		{88A347F8-818F-3526-8EDA-014A5BE80A9B}.Release|x86.Build.0 = x86|Win32
		{88A347F8-818F-3526-8EDA-014A5BE80A9B}.x64|x64.ActiveCfg = x64|Win32
		{88A347F8-818F-3526-8EDA-014A5BE80A9B}.x64|x86.ActiveCfg = x64|Win32
		{88A347F8-818F-3526-8EDA-014A5BE80A9B}.x64|x86.Build.0 = x64|Win32
		{88A347F8-818F-3526-8EDA-014A5BE80A9B}.x86|x64.ActiveCfg = x86|Win32
		{88A347F8-818F-3526-8EDA-014A5BE80A9B}.x86|x86.ActiveCfg = x86|Win32
		{88A347F8-818F-3526-8EDA-014A5BE80A9B}.x86|x86.Build.0 = x86|Win32
		{61D87ED6-36C6-34E4-999C-EF2E3755C01E}.debug|x64.ActiveCfg = x86|Win32
		{61D87ED6-36C6-34E4-999C-EF2E3755C01E}.debug|x64.Build.0 = x86|Win32
		{61D87ED6-36C6-34E4-999C-EF2E3755C01E}.debug|x86.ActiveCfg = x64|Win32
		{61D87ED6-36C6-34E4-999C-EF2E3755C01E}.debug|x86.Build.0 = x64|Win32
		{61D87ED6-36C6-34E4-999C-EF2E3755C01E}.Release|x64.ActiveCfg = x86|Win32
		{61D87ED6-36C6-34E4-999C-EF2E3755C01E}.Release|x64.Build.0 = x86|Win32
		{61D87ED6-36C6-34E4-999C-EF2E3755C01E}.Release|x86.ActiveCfg = x86|Win32
		{61D87ED6-36C6-34E4-999C-EF2E3755C01E}.Release|x86.Build.0 = x86|Win32
		{61D87ED6-36C6-34E4-999C-EF2E3755C01E}.x64|x64.ActiveCfg = x64|Win32
		{61D87ED6-36C6-34E4-999C-EF2E3755C01E}.x64|x86.ActiveCfg = x64|Win32
		{61D87ED6-36C6-34E4-999C-EF2E3755C01E}.x64|x86.Build.0 = x64|Win32
		{61D87ED6-36C6-34E4-999C-EF2E3755C01E}.x86|x64.ActiveCfg = x86|Win32
		{61D87ED6-36C6-34E4-999C-EF2E3755C01E}.x86|x86.ActiveCfg = x86|Win32
		{61D87ED6-36C6-34E4-999C-EF2E3755C01E}.x86|x86.Build.0 = x86|Win32
		{EFF801DA-E71F-3CBD-A6BB-E73EADB5AAAB}.debug|x64.ActiveCfg = debug|Win32
		{EFF801DA-E71F-3CBD-A6BB-E73EADB5AAAB}.debug|x86.ActiveCfg = debug|Win32
		{EFF801DA-E71F-3CBD-A6BB-E73EADB5AAAB}.debug|x86.Build.0 = debug|Win32
		{EFF801DA-E71F-3CBD-A6BB-E73EADB5AAAB}.Release|x64.ActiveCfg = debug|Win32
		{EFF801DA-E71F-3CBD-A6BB-E73EADB5AAAB}.Release|x64.Build.0 = debug|Win32
		{EFF801DA-E71F-3CBD-A6BB-E73EADB5AAAB}.Release|x86.ActiveCfg = debug|Win32
		{EFF801DA-E71F-3CBD-A6BB-E73EADB5AAAB}.Release|x86.Build.0 = debug|Win32
		{EFF801DA-E71F-3CBD-A6BB-E73EADB5AAAB}.x64|x64.ActiveCfg = debug|Win32
		{EFF801DA-E71F-3CBD-A6BB-E73EADB5AAAB}.x64|x64.Build.0 = debug|Win32
		{EFF801DA-E71F-3CBD-A6BB-E73EADB5AAAB}.x64|x86.ActiveCfg = debug|Win32
		{EFF801DA-E71F-3CBD-A6BB-E73EADB5AAAB}.x64|x86.Build.0 = debug|Win32
		{EFF801DA-E71F-3CBD-A6BB-E73EADB5AAAB}.x86|x64.ActiveCfg = debug|Win32
		{EFF801DA-E71F-3CBD-A6BB-E73EADB5AAAB}.x86|x64.Build.0 = debug|Win32
		{EFF801DA-E71F-3CBD-A6BB-E73EADB5AAAB}.x86|x86.ActiveCfg = debug|Win32
		{EFF801DA-E71F-3CBD-A6BB-E73EADB5AAAB}.x86|x86.Build.0 = debug|Win32
		{BDD5AF7F-E80D-3E06-9B84-E2EAF75278AC}.debug|x64.ActiveCfg = x86|Win32
		{BDD5AF7F-E80D-3E06-9B84-E2EAF75278AC}.debug|x64.Build.0 = x86|Win32
		{BDD5AF7F-E80D-3E06-9B84-E2EAF75278AC}.debug|x86.ActiveCfg = x64|Win32
		{BDD5AF7F-E80D-3E06-9B84-E2EAF75278AC}.debug|x86.Build.0 = x64|Win32
		{BDD5AF7F-E80D-3E06-9B84-E2EAF75278AC}.Release|x64.ActiveCfg = x86|Win32
		{BDD5AF7F-E80D-3E06-9B84-E2EAF75278AC}.Release|x64.Build.0 = x86|Win32
		{BDD5AF7F-E80D-3E06-9B84-E2EAF75278AC}.Release|x86.ActiveCfg = x86|Win32
		{BDD5AF7F-E80D-3E06-9B84-E2EAF75278AC}.Release|x86.Build.0 = x86|Win32
		{BDD5AF7F-E80D-3E06-9B84-E2EAF75278AC}.x64|x64.ActiveCfg = x64|Win32
		{BDD5AF7F-E80D-3E06-9B84-E2EAF75278AC}.x64|x86.ActiveCfg = x64|Win32
		{BDD5AF7F-E80D-3E06-9B84-E2EAF75278AC}.x64|x86.Build.0 = x64|Win32
		{BDD5AF7F-E80D-3E06-9B84-E2EAF75278AC}.x86|x64.ActiveCfg = x86|Win32
		{BDD5AF7F-E80D-3E06-9B84-E2EAF75278AC}.x86|x86.ActiveCfg = x86|Win32
		{BDD5AF7F-E80D-3E06-9B84-E2EAF75278AC}.x86|x86.Build.0 = x86|Win32
		{422BAF63-ABBE-3417-916C-D4D2D2C4DBAE}.debug|x64.ActiveCfg = x86|Win32
		{422BAF63-ABBE-3417-916C-D4D2D2C4DBAE}.debug|x64.Build.0 = x86|Win32
		{422BAF63-ABBE-3417-916C-D4D2D2C4DBAE}.debug|x86.ActiveCfg = x64|Win32
		{422BAF63-ABBE-3417-916C-D4D2D2C4DBAE}.debug|x86.Build.0 = x64|Win32
		{422BAF63-ABBE-3417-916C-D4D2D2C4DBAE}.Release|x64.ActiveCfg = x86|Win32
		{422BAF63-ABBE-3417-916C-D4D2D2C4DBAE}.Release|x64.Build.0 = x86|Win32
		{422BAF63-ABBE-3417-916C-D4D2D2C4DBAE}.Release|x86.ActiveCfg = x86|Win32
		{422BAF63-ABBE-3417-916C-D4D2D2C4DBAE}.Release|x86.Build.0 = x86|Win32
		{422BAF63-ABBE-3417-916C-D4D2D2C4DBAE}.x64|x64.ActiveCfg = x64|Win32
		{422BAF63-ABBE-3417-916C-D4D2D2C4DBAE}.x64|x86.ActiveCfg = x64|Win32
		{422BAF63-ABBE-3417-916C-D4D2D2C4DBAE}.x64|x86.Build.0 = x64|Win32
		{422BAF63-ABBE-3417-916C-D4D2D2C4DBAE}.x86|x64.ActiveCfg = x86|Win32
		{422BAF63-ABBE-3417-916C-D4D2D2C4DBAE}.x86|x86.ActiveCfg = x86|Win32
		{422BAF63-ABBE-3417-916C-D4D2D2C4DBAE}.x86|x86.Build.0 = x86|Win32
		{556A2F4C-3A49-4DEA-9764-A2908E98D102}.debug|x64.ActiveCfg = Debug|x64
		{556A2F4C-3A49-4DEA-9764-A2908E98D102}.debug|x64.Build.0 = Debug|x64
		{556A2F4C-3A49-4DEA-9764-A2908E98D102}.debug|x86.ActiveCfg = Debug|Win32
		{556A2F4C-3A49-4DEA-9764-A2908E98D102}.debug|x86.Build.0 = Debug|Win32
		{556A2F4C-3A49-4DEA-9764-A2908E98D102}.Release|x64.ActiveCfg = Release|x64
		{556A2F4C-3A49-4DEA-9764-A2908E98D102}.Release|x64.Build.0 = Release|x64
		{556A2F4C-3A49-4DEA-9764-A2908E98D102}.Release|x86.ActiveCfg = Release|Win32
		{556A2F4C-3A49-4DEA-9764-A2908E98D102}.Release|x86.Build.0 = Release|Win32
		{556A2F4C-3A49-4DEA-9764-A2908E98D102}.x64|x64.ActiveCfg = Release|Win32
		{556A2F4C-3A49-4DEA-9764-A2908E98D102}.x64|x64.Build.0 = Release|Win32
		{556A2F4C-3A49-4DEA-9764-A2908E98D102}.x64|x86.ActiveCfg = Release|x64
		{556A2F4C-3A49-4DEA-9764-A2908E98D102}.x64|x86.Build.0 = Release|x64
		{556A2F4C-3A49-4DEA-9764-A2908E98D102}.x86|x64.ActiveCfg = Release|x64
		{556A2F4C-3A49-4DEA-9764-A2908E98D102}.x86|x64.Build.0 = Release|x64
		{556A2F4C-3A49-4DEA-9764-A2908E98D102}.x86|x86.ActiveCfg = Release|Win32
		{556A2F4C-3A49-4DEA-9764-A2908E98D102}.x86|x86.Build.0 = Release|Win32
	EndGlobalSection
	GlobalSection(SolutionProperties) = preSolution
		HideSolutionNode = FALSE
	EndGlobalSection
EndGlobal
